<?xml version="1.0" encoding="utf-8"?>
<Project ToolsVersion="4.0" xmlns="http://schemas.microsoft.com/developer/msbuild/2003">
  <ItemGroup>
    <Filter Include="Source Files">
      <UniqueIdentifier>{c9def206-106e-4c64-bed2-54f83cf84d77}</UniqueIdentifier>
      <Extensions>cpp;c;cxx;rc;def;r;odl;idl;hpj;bat</Extensions>
    </Filter>
    <Filter Include="Header Files">
      <UniqueIdentifier>{4faf73cd-b293-430d-8f8a-9979da3b018a}</UniqueIdentifier>
      <Extensions>h;hpp;hxx;hm;inl</Extensions>
    </Filter>
  </ItemGroup>
  <ItemGroup>
    <ClCompile Include="AutoBuffer.cpp">
      <Filter>Source Files</Filter>
    </ClCompile>
    <ClCompile Include="CentralDir.cpp">
      <Filter>Source Files</Filter>
    </ClCompile>
    <ClCompile Include="FileHeader.cpp">
      <Filter>Source Files</Filter>
    </ClCompile>
    <ClCompile Include="ZipArchive.cpp">
      <Filter>Source Files</Filter>
    </ClCompile>
    <ClCompile Include="ZipException.cpp">
      <Filter>Source Files</Filter>
    </ClCompile>
    <ClCompile Include="ZipInternalInfo.cpp">
      <Filter>Source Files</Filter>
    </ClCompile>
    <ClCompile Include="ZipStorage.cpp">
      <Filter>Source Files</Filter>
    </ClCompile>
  </ItemGroup>
  <ItemGroup>
    <ClInclude Include="AutoBuffer.h">
      <Filter>Header Files</Filter>
    </ClInclude>
    <ClInclude Include="CentralDir.h">
      <Filter>Header Files</Filter>
    </ClInclude>
    <ClInclude Include="FileHeader.h">
      <Filter>Header Files</Filter>
    </ClInclude>
    <ClInclude Include="ZipArchive.h">
      <Filter>Header Files</Filter>
    </ClInclude>
    <ClInclude Include="ZipException.h">
      <Filter>Header Files</Filter>
    </ClInclude>
    <ClInclude Include="ZipInternalInfo.h">
      <Filter>Header Files</Filter>
    </ClInclude>
    <ClInclude Include="ZipStorage.h">
      <Filter>Header Files</Filter>
    </ClInclude>
  </ItemGroup>
  <ItemGroup>
    <None Include="Appnote.txt" />
  </ItemGroup>
</Project>