
Microsoft Visual Studio Solution File, Format Version 12.00
# Visual Studio Version 16
VisualStudioVersion = 16.0.35826.135
MinimumVisualStudioVersion = 10.0.40219.1
Project("{8BC9CEB8-8B4A-11D0-8D11-00A0C91BC942}") = "Dib", "Dib\Dib.vcxproj", "{3510B7CE-0804-4D79-95CD-CAA0983D2313}"
EndProject
Project("{8BC9CEB8-8B4A-11D0-8D11-00A0C91BC942}") = "Zip", "zip\zip.vcxproj", "{28C8334F-E02A-44A8-B1B5-D81E1E11F5CA}"
EndProject
Project("{8BC9CEB8-8B4A-11D0-8D11-00A0C91BC942}") = "directx_base", "directx_base\directx_base.vcxproj", "{41D79391-4BB7-450C-89EA-5A9AB5D166E6}"
EndProject
Project("{8BC9CEB8-8B4A-11D0-8D11-00A0C91BC942}") = "giflib", "giflib\giflib.vcxproj", "{5FAAFB31-C3FD-404D-9272-0A17157E8304}"
EndProject
Project("{8BC9CEB8-8B4A-11D0-8D11-00A0C91BC942}") = "icclib", "icclib\icclib.vcxproj", "{9FEF590D-A2C2-4219-8DD5-F0CD9E4E274B}"
EndProject
Project("{8BC9CEB8-8B4A-11D0-8D11-00A0C91BC942}") = "libjpeg", "libjpeg\libjpeg.vcxproj", "{047EB7F2-222E-47EE-A83B-F68E3C0FC0E3}"
EndProject
Project("{8BC9CEB8-8B4A-11D0-8D11-00A0C91BC942}") = "libpng", "libpng\libpng.vcxproj", "{BBB92A7C-22CB-449A-BFD6-691B254F9803}"
EndProject
Project("{8BC9CEB8-8B4A-11D0-8D11-00A0C91BC942}") = "libtiff", "libtiff\libtiff.vcxproj", "{68927A2E-9628-49FF-A825-45810DC6EDD1}"
EndProject
Project("{8BC9CEB8-8B4A-11D0-8D11-00A0C91BC942}") = "uImager", "uImager.vcxproj", "{E605E7C7-B801-4234-AFF6-35DF6B233F76}"
EndProject
Project("{8BC9CEB8-8B4A-11D0-8D11-00A0C91BC942}") = "zlib", "zlib\zlib.vcxproj", "{968949F9-B4F2-4EBC-98CC-3C47E7909C19}"
EndProject
Global
	GlobalSection(SolutionConfigurationPlatforms) = preSolution
		ContaCam|Win32 = ContaCam|Win32
		Debug ContaCam|Win32 = Debug ContaCam|Win32
		Debug FreeVimager|Win32 = Debug FreeVimager|Win32
		FreeVimager|Win32 = FreeVimager|Win32
	EndGlobalSection
	GlobalSection(ProjectConfigurationPlatforms) = postSolution
		{3510B7CE-0804-4D79-95CD-CAA0983D2313}.ContaCam|Win32.ActiveCfg = ContaCam|Win32
		{3510B7CE-0804-4D79-95CD-CAA0983D2313}.ContaCam|Win32.Build.0 = ContaCam|Win32
		{3510B7CE-0804-4D79-95CD-CAA0983D2313}.Debug ContaCam|Win32.ActiveCfg = Debug ContaCam|Win32
		{3510B7CE-0804-4D79-95CD-CAA0983D2313}.Debug ContaCam|Win32.Build.0 = Debug ContaCam|Win32
		{3510B7CE-0804-4D79-95CD-CAA0983D2313}.Debug FreeVimager|Win32.ActiveCfg = Debug FreeVimager|Win32
		{3510B7CE-0804-4D79-95CD-CAA0983D2313}.Debug FreeVimager|Win32.Build.0 = Debug FreeVimager|Win32
		{3510B7CE-0804-4D79-95CD-CAA0983D2313}.FreeVimager|Win32.ActiveCfg = FreeVimager|Win32
		{3510B7CE-0804-4D79-95CD-CAA0983D2313}.FreeVimager|Win32.Build.0 = FreeVimager|Win32
		{28C8334F-E02A-44A8-B1B5-D81E1E11F5CA}.ContaCam|Win32.ActiveCfg = ContaCam|Win32
		{28C8334F-E02A-44A8-B1B5-D81E1E11F5CA}.ContaCam|Win32.Build.0 = ContaCam|Win32
		{28C8334F-E02A-44A8-B1B5-D81E1E11F5CA}.Debug ContaCam|Win32.ActiveCfg = Debug ContaCam|Win32
		{28C8334F-E02A-44A8-B1B5-D81E1E11F5CA}.Debug ContaCam|Win32.Build.0 = Debug ContaCam|Win32
		{28C8334F-E02A-44A8-B1B5-D81E1E11F5CA}.Debug FreeVimager|Win32.ActiveCfg = Debug FreeVimager|Win32
		{28C8334F-E02A-44A8-B1B5-D81E1E11F5CA}.Debug FreeVimager|Win32.Build.0 = Debug FreeVimager|Win32
		{28C8334F-E02A-44A8-B1B5-D81E1E11F5CA}.FreeVimager|Win32.ActiveCfg = FreeVimager|Win32
		{28C8334F-E02A-44A8-B1B5-D81E1E11F5CA}.FreeVimager|Win32.Build.0 = FreeVimager|Win32
		{41D79391-4BB7-450C-89EA-5A9AB5D166E6}.ContaCam|Win32.ActiveCfg = ContaCam|Win32
		{41D79391-4BB7-450C-89EA-5A9AB5D166E6}.ContaCam|Win32.Build.0 = ContaCam|Win32
		{41D79391-4BB7-450C-89EA-5A9AB5D166E6}.Debug ContaCam|Win32.ActiveCfg = Debug ContaCam|Win32
		{41D79391-4BB7-450C-89EA-5A9AB5D166E6}.Debug ContaCam|Win32.Build.0 = Debug ContaCam|Win32
		{41D79391-4BB7-450C-89EA-5A9AB5D166E6}.Debug FreeVimager|Win32.ActiveCfg = Debug FreeVimager|Win32
		{41D79391-4BB7-450C-89EA-5A9AB5D166E6}.Debug FreeVimager|Win32.Build.0 = Debug FreeVimager|Win32
		{41D79391-4BB7-450C-89EA-5A9AB5D166E6}.FreeVimager|Win32.ActiveCfg = FreeVimager|Win32
		{41D79391-4BB7-450C-89EA-5A9AB5D166E6}.FreeVimager|Win32.Build.0 = FreeVimager|Win32
		{5FAAFB31-C3FD-404D-9272-0A17157E8304}.ContaCam|Win32.ActiveCfg = ContaCam|Win32
		{5FAAFB31-C3FD-404D-9272-0A17157E8304}.ContaCam|Win32.Build.0 = ContaCam|Win32
		{5FAAFB31-C3FD-404D-9272-0A17157E8304}.Debug ContaCam|Win32.ActiveCfg = Debug ContaCam|Win32
		{5FAAFB31-C3FD-404D-9272-0A17157E8304}.Debug ContaCam|Win32.Build.0 = Debug ContaCam|Win32
		{5FAAFB31-C3FD-404D-9272-0A17157E8304}.Debug FreeVimager|Win32.ActiveCfg = Debug FreeVimager|Win32
		{5FAAFB31-C3FD-404D-9272-0A17157E8304}.Debug FreeVimager|Win32.Build.0 = Debug FreeVimager|Win32
		{5FAAFB31-C3FD-404D-9272-0A17157E8304}.FreeVimager|Win32.ActiveCfg = FreeVimager|Win32
		{5FAAFB31-C3FD-404D-9272-0A17157E8304}.FreeVimager|Win32.Build.0 = FreeVimager|Win32
		{9FEF590D-A2C2-4219-8DD5-F0CD9E4E274B}.ContaCam|Win32.ActiveCfg = ContaCam|Win32
		{9FEF590D-A2C2-4219-8DD5-F0CD9E4E274B}.ContaCam|Win32.Build.0 = ContaCam|Win32
		{9FEF590D-A2C2-4219-8DD5-F0CD9E4E274B}.Debug ContaCam|Win32.ActiveCfg = Debug ContaCam|Win32
		{9FEF590D-A2C2-4219-8DD5-F0CD9E4E274B}.Debug ContaCam|Win32.Build.0 = Debug ContaCam|Win32
		{9FEF590D-A2C2-4219-8DD5-F0CD9E4E274B}.Debug FreeVimager|Win32.ActiveCfg = Debug FreeVimager|Win32
		{9FEF590D-A2C2-4219-8DD5-F0CD9E4E274B}.Debug FreeVimager|Win32.Build.0 = Debug FreeVimager|Win32
		{9FEF590D-A2C2-4219-8DD5-F0CD9E4E274B}.FreeVimager|Win32.ActiveCfg = FreeVimager|Win32
		{9FEF590D-A2C2-4219-8DD5-F0CD9E4E274B}.FreeVimager|Win32.Build.0 = FreeVimager|Win32
		{047EB7F2-222E-47EE-A83B-F68E3C0FC0E3}.ContaCam|Win32.ActiveCfg = ContaCam|Win32
		{047EB7F2-222E-47EE-A83B-F68E3C0FC0E3}.ContaCam|Win32.Build.0 = ContaCam|Win32
		{047EB7F2-222E-47EE-A83B-F68E3C0FC0E3}.Debug ContaCam|Win32.ActiveCfg = Debug ContaCam|Win32
		{047EB7F2-222E-47EE-A83B-F68E3C0FC0E3}.Debug ContaCam|Win32.Build.0 = Debug ContaCam|Win32
		{047EB7F2-222E-47EE-A83B-F68E3C0FC0E3}.Debug FreeVimager|Win32.ActiveCfg = Debug FreeVimager|Win32
		{047EB7F2-222E-47EE-A83B-F68E3C0FC0E3}.Debug FreeVimager|Win32.Build.0 = Debug FreeVimager|Win32
		{047EB7F2-222E-47EE-A83B-F68E3C0FC0E3}.FreeVimager|Win32.ActiveCfg = FreeVimager|Win32
		{047EB7F2-222E-47EE-A83B-F68E3C0FC0E3}.FreeVimager|Win32.Build.0 = FreeVimager|Win32
		{BBB92A7C-22CB-449A-BFD6-691B254F9803}.ContaCam|Win32.ActiveCfg = ContaCam|Win32
		{BBB92A7C-22CB-449A-BFD6-691B254F9803}.ContaCam|Win32.Build.0 = ContaCam|Win32
		{BBB92A7C-22CB-449A-BFD6-691B254F9803}.Debug ContaCam|Win32.ActiveCfg = Debug ContaCam|Win32
		{BBB92A7C-22CB-449A-BFD6-691B254F9803}.Debug ContaCam|Win32.Build.0 = Debug ContaCam|Win32
		{BBB92A7C-22CB-449A-BFD6-691B254F9803}.Debug FreeVimager|Win32.ActiveCfg = Debug FreeVimager|Win32
		{BBB92A7C-22CB-449A-BFD6-691B254F9803}.Debug FreeVimager|Win32.Build.0 = Debug FreeVimager|Win32
		{BBB92A7C-22CB-449A-BFD6-691B254F9803}.FreeVimager|Win32.ActiveCfg = FreeVimager|Win32
		{BBB92A7C-22CB-449A-BFD6-691B254F9803}.FreeVimager|Win32.Build.0 = FreeVimager|Win32
		{68927A2E-9628-49FF-A825-45810DC6EDD1}.ContaCam|Win32.ActiveCfg = ContaCam|Win32
		{68927A2E-9628-49FF-A825-45810DC6EDD1}.ContaCam|Win32.Build.0 = ContaCam|Win32
		{68927A2E-9628-49FF-A825-45810DC6EDD1}.Debug ContaCam|Win32.ActiveCfg = Debug ContaCam|Win32
		{68927A2E-9628-49FF-A825-45810DC6EDD1}.Debug ContaCam|Win32.Build.0 = Debug ContaCam|Win32
		{68927A2E-9628-49FF-A825-45810DC6EDD1}.Debug FreeVimager|Win32.ActiveCfg = Debug FreeVimager|Win32
		{68927A2E-9628-49FF-A825-45810DC6EDD1}.Debug FreeVimager|Win32.Build.0 = Debug FreeVimager|Win32
		{68927A2E-9628-49FF-A825-45810DC6EDD1}.FreeVimager|Win32.ActiveCfg = FreeVimager|Win32
		{68927A2E-9628-49FF-A825-45810DC6EDD1}.FreeVimager|Win32.Build.0 = FreeVimager|Win32
		{E605E7C7-B801-4234-AFF6-35DF6B233F76}.ContaCam|Win32.ActiveCfg = ContaCam|Win32
		{E605E7C7-B801-4234-AFF6-35DF6B233F76}.ContaCam|Win32.Build.0 = ContaCam|Win32
		{E605E7C7-B801-4234-AFF6-35DF6B233F76}.Debug ContaCam|Win32.ActiveCfg = Debug ContaCam|Win32
		{E605E7C7-B801-4234-AFF6-35DF6B233F76}.Debug ContaCam|Win32.Build.0 = Debug ContaCam|Win32
		{E605E7C7-B801-4234-AFF6-35DF6B233F76}.Debug FreeVimager|Win32.ActiveCfg = Debug FreeVimager|Win32
		{E605E7C7-B801-4234-AFF6-35DF6B233F76}.Debug FreeVimager|Win32.Build.0 = Debug FreeVimager|Win32
		{E605E7C7-B801-4234-AFF6-35DF6B233F76}.FreeVimager|Win32.ActiveCfg = FreeVimager|Win32
		{E605E7C7-B801-4234-AFF6-35DF6B233F76}.FreeVimager|Win32.Build.0 = FreeVimager|Win32
		{968949F9-B4F2-4EBC-98CC-3C47E7909C19}.ContaCam|Win32.ActiveCfg = ContaCam|Win32
		{968949F9-B4F2-4EBC-98CC-3C47E7909C19}.ContaCam|Win32.Build.0 = ContaCam|Win32
		{968949F9-B4F2-4EBC-98CC-3C47E7909C19}.Debug ContaCam|Win32.ActiveCfg = Debug ContaCam|Win32
		{968949F9-B4F2-4EBC-98CC-3C47E7909C19}.Debug ContaCam|Win32.Build.0 = Debug ContaCam|Win32
		{968949F9-B4F2-4EBC-98CC-3C47E7909C19}.Debug FreeVimager|Win32.ActiveCfg = Debug FreeVimager|Win32
		{968949F9-B4F2-4EBC-98CC-3C47E7909C19}.Debug FreeVimager|Win32.Build.0 = Debug FreeVimager|Win32
		{968949F9-B4F2-4EBC-98CC-3C47E7909C19}.FreeVimager|Win32.ActiveCfg = FreeVimager|Win32
		{968949F9-B4F2-4EBC-98CC-3C47E7909C19}.FreeVimager|Win32.Build.0 = FreeVimager|Win32
	EndGlobalSection
	GlobalSection(SolutionProperties) = preSolution
		HideSolutionNode = FALSE
	EndGlobalSection
	GlobalSection(ExtensibilityGlobals) = postSolution
		SolutionGuid = {C01825F5-1256-4139-850D-59ECF4A38811}
	EndGlobalSection
EndGlobal
