<?xml version="1.0" encoding="utf-8"?>
<Project ToolsVersion="4.0" xmlns="http://schemas.microsoft.com/developer/msbuild/2003">
  <ItemGroup>
    <Filter Include="Source Files">
      <UniqueIdentifier>{54a28d76-c6ac-4ef5-a791-050b411d05a5}</UniqueIdentifier>
      <Extensions>cpp;c;cxx;rc;def;r;odl;idl;hpj;bat</Extensions>
    </Filter>
    <Filter Include="Header Files">
      <UniqueIdentifier>{7a6da862-ff61-4100-a973-effd7f3676f1}</UniqueIdentifier>
      <Extensions>h;hpp;hxx;hm;inl</Extensions>
    </Filter>
    <Filter Include="Resource Files">
      <UniqueIdentifier>{5a031694-ec10-45c7-8a36-67b1e71835a6}</UniqueIdentifier>
      <Extensions>ico;cur;bmp;dlg;rc2;rct;bin;rgs;gif;jpg;jpeg;jpe</Extensions>
    </Filter>
  </ItemGroup>
  <ItemGroup>
    <ClCompile Include="AddBordersDlg.cpp">
      <Filter>Source Files</Filter>
    </ClCompile>
    <ClCompile Include="AnimGifSaveDlg.cpp">
      <Filter>Source Files</Filter>
    </ClCompile>
    <ClCompile Include="AnimGifSaveSmallDlg.cpp">
      <Filter>Source Files</Filter>
    </ClCompile>
    <ClCompile Include="AssistantDlg.cpp">
      <Filter>Source Files</Filter>
    </ClCompile>
    <ClCompile Include="AudioFormatDlg.cpp">
      <Filter>Source Files</Filter>
    </ClCompile>
    <ClCompile Include="AudioInSourceDlg.cpp">
      <Filter>Source Files</Filter>
    </ClCompile>
    <ClCompile Include="AudioMCIDoc.cpp">
      <Filter>Source Files</Filter>
    </ClCompile>
    <ClCompile Include="AudioMCIView.cpp">
      <Filter>Source Files</Filter>
    </ClCompile>
    <ClCompile Include="AudioOutDestinationDlg.cpp">
      <Filter>Source Files</Filter>
    </ClCompile>
    <ClCompile Include="AudioVideoShiftDlg.cpp">
      <Filter>Source Files</Filter>
    </ClCompile>
    <ClCompile Include="AuthenticationDlg.cpp">
      <Filter>Source Files</Filter>
    </ClCompile>
    <ClCompile Include="AVDecoder.cpp">
      <Filter>Source Files</Filter>
    </ClCompile>
    <ClCompile Include="AviInfoDlg.cpp">
      <Filter>Source Files</Filter>
    </ClCompile>
    <ClCompile Include="AviOpenStreamsDlg.cpp">
      <Filter>Source Files</Filter>
    </ClCompile>
    <ClCompile Include="AviPlay.cpp">
      <Filter>Source Files</Filter>
    </ClCompile>
    <ClCompile Include="AviSaveAsStreamsDlg.cpp">
      <Filter>Source Files</Filter>
    </ClCompile>
    <ClCompile Include="AVRec.cpp">
      <Filter>Source Files</Filter>
    </ClCompile>
    <ClCompile Include="AVRecHelpers.c">
      <Filter>Source Files</Filter>
    </ClCompile>
    <ClCompile Include="Base64.cpp">
      <Filter>Source Files</Filter>
    </ClCompile>
    <ClCompile Include="BatchProcDlg.cpp">
      <Filter>Source Files</Filter>
    </ClCompile>
    <ClCompile Include="BatchProcGeneralTab.cpp">
      <Filter>Source Files</Filter>
    </ClCompile>
    <ClCompile Include="BatchProcJpegTab.cpp">
      <Filter>Source Files</Filter>
    </ClCompile>
    <ClCompile Include="BatchProcShrinkTab.cpp">
      <Filter>Source Files</Filter>
    </ClCompile>
    <ClCompile Include="BatchProcTiffTab.cpp">
      <Filter>Source Files</Filter>
    </ClCompile>
    <ClCompile Include="BkgColEdit.cpp">
      <Filter>Source Files</Filter>
    </ClCompile>
    <ClCompile Include="BrowseDlg.cpp">
      <Filter>Source Files</Filter>
    </ClCompile>
    <ClCompile Include="CDAudio.cpp">
      <Filter>Source Files</Filter>
    </ClCompile>
    <ClCompile Include="CDAudioDoc.cpp">
      <Filter>Source Files</Filter>
    </ClCompile>
    <ClCompile Include="CDAudioView.cpp">
      <Filter>Source Files</Filter>
    </ClCompile>
    <ClCompile Include="cdxCDynamicDialog.cpp">
      <Filter>Source Files</Filter>
    </ClCompile>
    <ClCompile Include="cdxCDynamicWnd.cpp">
      <Filter>Source Files</Filter>
    </ClCompile>
    <ClCompile Include="cdxCDynamicWndEx.cpp">
      <Filter>Source Files</Filter>
    </ClCompile>
    <ClCompile Include="cdxCSizeIconCtrl.cpp">
      <Filter>Source Files</Filter>
    </ClCompile>
    <ClCompile Include="ChildFrm.cpp">
      <Filter>Source Files</Filter>
    </ClCompile>
    <ClCompile Include="ColorButton.cpp">
      <Filter>Source Files</Filter>
    </ClCompile>
    <ClCompile Include="ColorButtonPicker.cpp">
      <Filter>Source Files</Filter>
    </ClCompile>
    <ClCompile Include="ColourPopup.cpp">
      <Filter>Source Files</Filter>
    </ClCompile>
    <ClCompile Include="ConnectErrMsgBoxDlg.cpp">
      <Filter>Source Files</Filter>
    </ClCompile>
    <ClCompile Include="CPUCount.cpp">
      <Filter>Source Files</Filter>
    </ClCompile>
    <ClCompile Include="CPUSpeed.cpp">
      <Filter>Source Files</Filter>
    </ClCompile>
    <ClCompile Include="CreditsDlg.cpp">
      <Filter>Source Files</Filter>
    </ClCompile>
    <ClCompile Include="DecreaseBppDlg.cpp">
      <Filter>Source Files</Filter>
    </ClCompile>
    <ClCompile Include="DeleteCamFoldersDlg.cpp">
      <Filter>Source Files</Filter>
    </ClCompile>
    <ClCompile Include="DeletePageDlg.cpp">
      <Filter>Source Files</Filter>
    </ClCompile>
    <ClCompile Include="DIBStatic.cpp">
      <Filter>Source Files</Filter>
    </ClCompile>
    <ClCompile Include="DirectX7Dlg.cpp">
      <Filter>Source Files</Filter>
    </ClCompile>
    <ClCompile Include="DiscFormatData.cpp">
      <Filter>Source Files</Filter>
    </ClCompile>
    <ClCompile Include="DiscFormatDataEvent.cpp">
      <Filter>Source Files</Filter>
    </ClCompile>
    <ClCompile Include="DiscFormatErase.cpp">
      <Filter>Source Files</Filter>
    </ClCompile>
    <ClCompile Include="DiscFormatEraseEvent.cpp">
      <Filter>Source Files</Filter>
    </ClCompile>
    <ClCompile Include="DiscMaster.cpp">
      <Filter>Source Files</Filter>
    </ClCompile>
    <ClCompile Include="DiscRecorder.cpp">
      <Filter>Source Files</Filter>
    </ClCompile>
    <ClCompile Include="DragDropListCtrl.cpp">
      <Filter>Source Files</Filter>
    </ClCompile>
    <ClCompile Include="DxCapture.cpp">
      <Filter>Source Files</Filter>
    </ClCompile>
    <ClCompile Include="DxDraw.cpp">
      <Filter>Source Files</Filter>
    </ClCompile>
    <ClCompile Include="DxVideoFormatDlg.cpp">
      <Filter>Source Files</Filter>
    </ClCompile>
    <ClCompile Include="DxVideoInputDlg.cpp">
      <Filter>Source Files</Filter>
    </ClCompile>
    <ClCompile Include="EnumPrinters.cpp">
      <Filter>Source Files</Filter>
    </ClCompile>
    <ClCompile Include="FTPTransfer.cpp">
      <Filter>Source Files</Filter>
    </ClCompile>
    <ClCompile Include="FTPUploadConfigurationDlg.cpp">
      <Filter>Source Files</Filter>
    </ClCompile>
    <ClCompile Include="GeneralPage.cpp">
      <Filter>Source Files</Filter>
    </ClCompile>
    <ClCompile Include="getdxver.cpp">
      <Filter>Source Files</Filter>
    </ClCompile>
    <ClCompile Include="GifAnimationThread.cpp">
      <Filter>Source Files</Filter>
    </ClCompile>
    <ClCompile Include="Helpers.cpp">
      <Filter>Source Files</Filter>
    </ClCompile>
    <ClCompile Include="HLSDlgModeless.cpp">
      <Filter>Source Files</Filter>
    </ClCompile>
    <ClCompile Include="HostPortDlg.cpp">
      <Filter>Source Files</Filter>
    </ClCompile>
    <ClCompile Include="HScrollListBox.cpp">
      <Filter>Source Files</Filter>
    </ClCompile>
    <ClCompile Include="HttpVideoFormatDlg.cpp">
      <Filter>Source Files</Filter>
    </ClCompile>
    <ClCompile Include="ImageInfoDlg.cpp">
      <Filter>Source Files</Filter>
    </ClCompile>
    <ClCompile Include="IMAPI2Dlg.cpp">
      <Filter>Source Files</Filter>
    </ClCompile>
    <ClCompile Include="IMAPI2DownloadDlg.cpp">
      <Filter>Source Files</Filter>
    </ClCompile>
    <ClCompile Include="LayeredDlg.cpp">
      <Filter>Source Files</Filter>
    </ClCompile>
    <ClCompile Include="LicenseDlg.cpp">
      <Filter>Source Files</Filter>
    </ClCompile>
    <ClCompile Include="ListCtrlEx.cpp">
      <Filter>Source Files</Filter>
    </ClCompile>
    <ClCompile Include="MacProgressCtrl.cpp">
      <Filter>Source Files</Filter>
    </ClCompile>
    <ClCompile Include="MainFrm.cpp">
      <Filter>Source Files</Filter>
    </ClCompile>
    <ClCompile Include="MDIClientWnd.cpp">
      <Filter>Source Files</Filter>
    </ClCompile>
    <ClCompile Include="MJPEGEncoder.cpp">
      <Filter>Source Files</Filter>
    </ClCompile>
    <ClCompile Include="MlString.cpp">
      <Filter>Source Files</Filter>
    </ClCompile>
    <ClCompile Include="MonochromeConversionDlg.cpp">
      <Filter>Source Files</Filter>
    </ClCompile>
    <ClCompile Include="MovementDetectionPage.cpp">
      <Filter>Source Files</Filter>
    </ClCompile>
    <ClCompile Include="NetCom.cpp">
      <Filter>Source Files</Filter>
    </ClCompile>
    <ClCompile Include="NewDlg.cpp">
      <Filter>Source Files</Filter>
    </ClCompile>
    <ClCompile Include="NoVistaFileDlg.cpp">
      <Filter>Source Files</Filter>
    </ClCompile>
    <ClCompile Include="NumEdit.cpp">
      <Filter>Source Files</Filter>
    </ClCompile>
    <ClCompile Include="NumSpinCtrl.cpp">
      <Filter>Source Files</Filter>
    </ClCompile>
    <ClCompile Include="OddButton.cpp">
      <Filter>Source Files</Filter>
    </ClCompile>
    <ClCompile Include="OpenSSLMfc.cpp">
      <Filter>Source Files</Filter>
    </ClCompile>
    <ClCompile Include="OsdDlg.cpp">
      <Filter>Source Files</Filter>
    </ClCompile>
    <ClCompile Include="OutVolDlg.cpp">
      <Filter>Source Files</Filter>
    </ClCompile>
    <ClCompile Include="PaletteWnd.cpp">
      <Filter>Source Files</Filter>
    </ClCompile>
    <ClCompile Include="PictureDoc.cpp">
      <Filter>Source Files</Filter>
    </ClCompile>
    <ClCompile Include="PicturePrintPreviewView.cpp">
      <Filter>Source Files</Filter>
    </ClCompile>
    <ClCompile Include="PictureView.cpp">
      <Filter>Source Files</Filter>
    </ClCompile>
    <ClCompile Include="PJNNTLMAuth.cpp">
      <Filter>Source Files</Filter>
    </ClCompile>
    <ClCompile Include="PJNSMTP.cpp">
      <Filter>Source Files</Filter>
    </ClCompile>
    <ClCompile Include="PlayerToolBarDlg.cpp">
      <Filter>Source Files</Filter>
    </ClCompile>
    <ClCompile Include="PostDelayedMessage.cpp">
      <Filter>Source Files</Filter>
    </ClCompile>
    <ClCompile Include="PreviewFileDlg.cpp">
      <Filter>Source Files</Filter>
    </ClCompile>
    <ClCompile Include="PrintPreviewScaleEdit.cpp">
      <Filter>Source Files</Filter>
    </ClCompile>
    <ClCompile Include="ProgressDlg.cpp">
      <Filter>Source Files</Filter>
    </ClCompile>
    <ClCompile Include="RedEyeDlg.cpp">
      <Filter>Source Files</Filter>
    </ClCompile>
    <ClCompile Include="RenameDlg.cpp">
      <Filter>Source Files</Filter>
    </ClCompile>
    <ClCompile Include="ResizingDlg.cpp">
      <Filter>Source Files</Filter>
    </ClCompile>
    <ClCompile Include="ResizingDpiDlg.cpp">
      <Filter>Source Files</Filter>
    </ClCompile>
    <ClCompile Include="RotationFlippingDlg.cpp">
      <Filter>Source Files</Filter>
    </ClCompile>
    <ClCompile Include="SampleCGB.cpp">
      <Filter>Source Files</Filter>
    </ClCompile>
    <ClCompile Include="SaveFileDlg.cpp">
      <Filter>Source Files</Filter>
    </ClCompile>
    <ClCompile Include="SendMailConfigurationDlg.cpp">
      <Filter>Source Files</Filter>
    </ClCompile>
    <ClCompile Include="SendMailDocsDlg.cpp">
      <Filter>Source Files</Filter>
    </ClCompile>
    <ClCompile Include="SepComboBox.cpp">
      <Filter>Source Files</Filter>
    </ClCompile>
    <ClCompile Include="SettingsDlg.cpp">
      <Filter>Source Files</Filter>
    </ClCompile>
    <ClCompile Include="SettingsDlgVideoDeviceDoc.cpp">
      <Filter>Source Files</Filter>
    </ClCompile>
    <ClCompile Include="SettingsXml.cpp">
      <Filter>Source Files</Filter>
    </ClCompile>
    <ClCompile Include="SharpenDlg.cpp">
      <Filter>Source Files</Filter>
    </ClCompile>
    <ClCompile Include="sinstance.cpp">
      <Filter>Source Files</Filter>
    </ClCompile>
    <ClCompile Include="SnapshotNamesDlg.cpp">
      <Filter>Source Files</Filter>
    </ClCompile>
    <ClCompile Include="SnapshotPage.cpp">
      <Filter>Source Files</Filter>
    </ClCompile>
    <ClCompile Include="SocMFC.cpp">
      <Filter>Source Files</Filter>
    </ClCompile>
    <ClCompile Include="SoftBordersDlg.cpp">
      <Filter>Source Files</Filter>
    </ClCompile>
    <ClCompile Include="SoftenDlg.cpp">
      <Filter>Source Files</Filter>
    </ClCompile>
    <ClCompile Include="SortableFileFind.cpp">
      <Filter>Source Files</Filter>
    </ClCompile>
    <ClCompile Include="SortableStringArray.cpp">
      <Filter>Source Files</Filter>
    </ClCompile>
    <ClCompile Include="StaticLink.cpp">
      <Filter>Source Files</Filter>
    </ClCompile>
    <ClCompile Include="StatusBarACT.cpp">
      <Filter>Source Files</Filter>
    </ClCompile>
    <ClCompile Include="StdAfx.cpp">
      <Filter>Source Files</Filter>
    </ClCompile>
    <ClCompile Include="TabCtrlSSL.cpp">
      <Filter>Source Files</Filter>
    </ClCompile>
    <ClCompile Include="TabPageSSL.cpp">
      <Filter>Source Files</Filter>
    </ClCompile>
    <ClCompile Include="ToolBarChildFrm.cpp">
      <Filter>Source Files</Filter>
    </ClCompile>
    <ClCompile Include="ToolbarSliderCtrl.cpp">
      <Filter>Source Files</Filter>
    </ClCompile>
    <ClCompile Include="TraceLogFile.cpp">
      <Filter>Source Files</Filter>
    </ClCompile>
    <ClCompile Include="TransAlpha.cpp">
      <Filter>Source Files</Filter>
    </ClCompile>
    <ClCompile Include="Trayicon.cpp">
      <Filter>Source Files</Filter>
    </ClCompile>
    <ClCompile Include="TryEnterCriticalSection.cpp">
      <Filter>Source Files</Filter>
    </ClCompile>
    <ClCompile Include="TwainCpp.cpp">
      <Filter>Source Files</Filter>
    </ClCompile>
    <ClCompile Include="uImager.cpp">
      <Filter>Source Files</Filter>
    </ClCompile>
    <ClCompile Include="uImagerDoc.cpp">
      <Filter>Source Files</Filter>
    </ClCompile>
    <ClCompile Include="uImagerView.cpp">
      <Filter>Source Files</Filter>
    </ClCompile>
    <ClCompile Include="VideoAviDoc.cpp">
      <Filter>Source Files</Filter>
    </ClCompile>
    <ClCompile Include="VideoAviView.cpp">
      <Filter>Source Files</Filter>
    </ClCompile>
    <ClCompile Include="VideoDeviceDoc.cpp">
      <Filter>Source Files</Filter>
    </ClCompile>
    <ClCompile Include="VideoDevicePropertySheet.cpp">
      <Filter>Source Files</Filter>
    </ClCompile>
    <ClCompile Include="VideoDeviceView.cpp">
      <Filter>Source Files</Filter>
    </ClCompile>
    <ClCompile Include="VideoFormatDlg.cpp">
      <Filter>Source Files</Filter>
    </ClCompile>
    <ClCompile Include="WorkerThread.cpp">
      <Filter>Source Files</Filter>
    </ClCompile>
    <ClCompile Include="XButtonXP.cpp">
      <Filter>Source Files</Filter>
    </ClCompile>
    <ClCompile Include="XMLite.cpp">
      <Filter>Source Files</Filter>
    </ClCompile>
    <ClCompile Include="XmpDlg.cpp">
      <Filter>Source Files</Filter>
    </ClCompile>
    <ClCompile Include="XThemeHelper.cpp">
      <Filter>Source Files</Filter>
    </ClCompile>
    <ClCompile Include="YesNoAllCancelDlg.cpp">
      <Filter>Source Files</Filter>
    </ClCompile>
    <ClCompile Include="ZipProgressDlg.cpp">
      <Filter>Source Files</Filter>
    </ClCompile>
  </ItemGroup>
  <ItemGroup>
    <MASM Include="MotionDetHelpers.asm">
      <Filter>Source Files</Filter>
    </MASM>
  </ItemGroup>
  <ItemGroup>
    <ResourceCompile Include="uImager.rc">
      <Filter>Source Files</Filter>
    </ResourceCompile>
  </ItemGroup>
  <ItemGroup>
    <ClInclude Include="AddBordersDlg.h">
      <Filter>Header Files</Filter>
    </ClInclude>
    <ClInclude Include="AnimGifSaveDlg.h">
      <Filter>Header Files</Filter>
    </ClInclude>
    <ClInclude Include="AnimGifSaveSmallDlg.h">
      <Filter>Header Files</Filter>
    </ClInclude>
    <ClInclude Include="appconst.h">
      <Filter>Header Files</Filter>
    </ClInclude>
    <ClInclude Include="AssistantDlg.h">
      <Filter>Header Files</Filter>
    </ClInclude>
    <ClInclude Include="AudioFormatDlg.h">
      <Filter>Header Files</Filter>
    </ClInclude>
    <ClInclude Include="AudioInSourceDlg.h">
      <Filter>Header Files</Filter>
    </ClInclude>
    <ClInclude Include="AudioMCIDoc.h">
      <Filter>Header Files</Filter>
    </ClInclude>
    <ClInclude Include="AudioMCIView.h">
      <Filter>Header Files</Filter>
    </ClInclude>
    <ClInclude Include="AudioOutDestinationDlg.h">
      <Filter>Header Files</Filter>
    </ClInclude>
    <ClInclude Include="AudioVideoShiftDlg.h">
      <Filter>Header Files</Filter>
    </ClInclude>
    <ClInclude Include="AuthenticationDlg.h">
      <Filter>Header Files</Filter>
    </ClInclude>
    <ClInclude Include="AVDecoder.h">
      <Filter>Header Files</Filter>
    </ClInclude>
    <ClInclude Include="AviInfoDlg.h">
      <Filter>Header Files</Filter>
    </ClInclude>
    <ClInclude Include="AviOpenStreamsDlg.h">
      <Filter>Header Files</Filter>
    </ClInclude>
    <ClInclude Include="AviPlay.h">
      <Filter>Header Files</Filter>
    </ClInclude>
    <ClInclude Include="AviSaveAsStreamsDlg.h">
      <Filter>Header Files</Filter>
    </ClInclude>
    <ClInclude Include="AVRec.h">
      <Filter>Header Files</Filter>
    </ClInclude>
    <ClInclude Include="Base64.h">
      <Filter>Header Files</Filter>
    </ClInclude>
    <ClInclude Include="BatchProcDlg.h">
      <Filter>Header Files</Filter>
    </ClInclude>
    <ClInclude Include="BatchProcGeneralTab.h">
      <Filter>Header Files</Filter>
    </ClInclude>
    <ClInclude Include="BatchProcJpegTab.h">
      <Filter>Header Files</Filter>
    </ClInclude>
    <ClInclude Include="BatchProcShrinkTab.h">
      <Filter>Header Files</Filter>
    </ClInclude>
    <ClInclude Include="BatchProcTiffTab.h">
      <Filter>Header Files</Filter>
    </ClInclude>
    <ClInclude Include="bigalloc.h">
      <Filter>Header Files</Filter>
    </ClInclude>
    <ClInclude Include="BkgColEdit.h">
      <Filter>Header Files</Filter>
    </ClInclude>
    <ClInclude Include="BrowseDlg.h">
      <Filter>Header Files</Filter>
    </ClInclude>
    <ClInclude Include="CDAudio.h">
      <Filter>Header Files</Filter>
    </ClInclude>
    <ClInclude Include="CDAudioDoc.h">
      <Filter>Header Files</Filter>
    </ClInclude>
    <ClInclude Include="CDAudioView.h">
      <Filter>Header Files</Filter>
    </ClInclude>
    <ClInclude Include="cdxCDynamicDialog.h">
      <Filter>Header Files</Filter>
    </ClInclude>
    <ClInclude Include="cdxCDynamicWnd.h">
      <Filter>Header Files</Filter>
    </ClInclude>
    <ClInclude Include="cdxCDynamicWndEx.h">
      <Filter>Header Files</Filter>
    </ClInclude>
    <ClInclude Include="cdxCSizeIconCtrl.h">
      <Filter>Header Files</Filter>
    </ClInclude>
    <ClInclude Include="ChildFrm.h">
      <Filter>Header Files</Filter>
    </ClInclude>
    <ClInclude Include="ColorButton.h">
      <Filter>Header Files</Filter>
    </ClInclude>
    <ClInclude Include="ColorButtonPicker.h">
      <Filter>Header Files</Filter>
    </ClInclude>
    <ClInclude Include="ColourPopup.h">
      <Filter>Header Files</Filter>
    </ClInclude>
    <ClInclude Include="ConnectErrMsgBoxDlg.h">
      <Filter>Header Files</Filter>
    </ClInclude>
    <ClInclude Include="CPUCount.h">
      <Filter>Header Files</Filter>
    </ClInclude>
    <ClInclude Include="CPUSpeed.h">
      <Filter>Header Files</Filter>
    </ClInclude>
    <ClInclude Include="CreditsDlg.h">
      <Filter>Header Files</Filter>
    </ClInclude>
    <ClInclude Include="DecreaseBppDlg.h">
      <Filter>Header Files</Filter>
    </ClInclude>
    <ClInclude Include="DeleteCamFoldersDlg.h">
      <Filter>Header Files</Filter>
    </ClInclude>
    <ClInclude Include="DeletePageDlg.h">
      <Filter>Header Files</Filter>
    </ClInclude>
    <ClInclude Include="DIBStatic.h">
      <Filter>Header Files</Filter>
    </ClInclude>
    <ClInclude Include="DirectX7Dlg.h">
      <Filter>Header Files</Filter>
    </ClInclude>
    <ClInclude Include="DiscFormatData.h">
      <Filter>Header Files</Filter>
    </ClInclude>
    <ClInclude Include="DiscFormatDataEvent.h">
      <Filter>Header Files</Filter>
    </ClInclude>
    <ClInclude Include="DiscFormatErase.h">
      <Filter>Header Files</Filter>
    </ClInclude>
    <ClInclude Include="DiscFormatEraseEvent.h">
      <Filter>Header Files</Filter>
    </ClInclude>
    <ClInclude Include="DiscMaster.h">
      <Filter>Header Files</Filter>
    </ClInclude>
    <ClInclude Include="DiscRecorder.h">
      <Filter>Header Files</Filter>
    </ClInclude>
    <ClInclude Include="DragDropListCtrl.h">
      <Filter>Header Files</Filter>
    </ClInclude>
    <ClInclude Include="DxCapture.h">
      <Filter>Header Files</Filter>
    </ClInclude>
    <ClInclude Include="DxDraw.h">
      <Filter>Header Files</Filter>
    </ClInclude>
    <ClInclude Include="DxVideoFormatDlg.h">
      <Filter>Header Files</Filter>
    </ClInclude>
    <ClInclude Include="DxVideoInputDlg.h">
      <Filter>Header Files</Filter>
    </ClInclude>
    <ClInclude Include="EnumPrinters.h">
      <Filter>Header Files</Filter>
    </ClInclude>
    <ClInclude Include="FTPTransfer.h">
      <Filter>Header Files</Filter>
    </ClInclude>
    <ClInclude Include="FTPUploadConfigurationDlg.h">
      <Filter>Header Files</Filter>
    </ClInclude>
    <ClInclude Include="GeneralPage.h">
      <Filter>Header Files</Filter>
    </ClInclude>
    <ClInclude Include="getdxver.h">
      <Filter>Header Files</Filter>
    </ClInclude>
    <ClInclude Include="GifAnimationThread.h">
      <Filter>Header Files</Filter>
    </ClInclude>
    <ClInclude Include="Helpers.h">
      <Filter>Header Files</Filter>
    </ClInclude>
    <ClInclude Include="HLSDlgModeless.h">
      <Filter>Header Files</Filter>
    </ClInclude>
    <ClInclude Include="HostPortDlg.h">
      <Filter>Header Files</Filter>
    </ClInclude>
    <ClInclude Include="HScrollListBox.h">
      <Filter>Header Files</Filter>
    </ClInclude>
    <ClInclude Include="httpvideoformatdlg.h">
      <Filter>Header Files</Filter>
    </ClInclude>
    <ClInclude Include="ImageInfoDlg.h">
      <Filter>Header Files</Filter>
    </ClInclude>
    <ClInclude Include="IMAPI2Dlg.h">
      <Filter>Header Files</Filter>
    </ClInclude>
    <ClInclude Include="IMAPI2DownloadDlg.h">
      <Filter>Header Files</Filter>
    </ClInclude>
    <ClInclude Include="Imapi2Small.h">
      <Filter>Header Files</Filter>
    </ClInclude>
    <ClInclude Include="ISampleGrabber.h">
      <Filter>Header Files</Filter>
    </ClInclude>
    <ClInclude Include="LayeredDlg.h">
      <Filter>Header Files</Filter>
    </ClInclude>
    <ClInclude Include="LicenseDlg.h">
      <Filter>Header Files</Filter>
    </ClInclude>
    <ClInclude Include="ListCtrlEx.h">
      <Filter>Header Files</Filter>
    </ClInclude>
    <ClInclude Include="MacProgressCtrl.h">
      <Filter>Header Files</Filter>
    </ClInclude>
    <ClInclude Include="MainFrm.h">
      <Filter>Header Files</Filter>
    </ClInclude>
    <ClInclude Include="MDIClientWnd.h">
      <Filter>Header Files</Filter>
    </ClInclude>
    <ClInclude Include="MJPEGEncoder.h">
      <Filter>Header Files</Filter>
    </ClInclude>
    <ClInclude Include="MlString.h">
      <Filter>Header Files</Filter>
    </ClInclude>
    <ClInclude Include="MonochromeConversionDlg.h">
      <Filter>Header Files</Filter>
    </ClInclude>
    <ClInclude Include="MotionDetHelpers.h">
      <Filter>Header Files</Filter>
    </ClInclude>
    <ClInclude Include="MovementDetectionPage.h">
      <Filter>Header Files</Filter>
    </ClInclude>
    <ClInclude Include="MyMemDC.h">
      <Filter>Header Files</Filter>
    </ClInclude>
    <ClInclude Include="NetCom.h">
      <Filter>Header Files</Filter>
    </ClInclude>
    <ClInclude Include="NewDlg.h">
      <Filter>Header Files</Filter>
    </ClInclude>
    <ClInclude Include="NoVistaFileDlg.h">
      <Filter>Header Files</Filter>
    </ClInclude>
    <ClInclude Include="NumEdit.h">
      <Filter>Header Files</Filter>
    </ClInclude>
    <ClInclude Include="NumSpinCtrl.h">
      <Filter>Header Files</Filter>
    </ClInclude>
    <ClInclude Include="OddButton.h">
      <Filter>Header Files</Filter>
    </ClInclude>
    <ClInclude Include="OsdDlg.h">
      <Filter>Header Files</Filter>
    </ClInclude>
    <ClInclude Include="OutVolDlg.h">
      <Filter>Header Files</Filter>
    </ClInclude>
    <ClInclude Include="PaletteWnd.h">
      <Filter>Header Files</Filter>
    </ClInclude>
    <ClInclude Include="Performance.h">
      <Filter>Header Files</Filter>
    </ClInclude>
    <ClInclude Include="PictureDoc.h">
      <Filter>Header Files</Filter>
    </ClInclude>
    <ClInclude Include="PicturePrintPreviewView.h">
      <Filter>Header Files</Filter>
    </ClInclude>
    <ClInclude Include="PictureView.h">
      <Filter>Header Files</Filter>
    </ClInclude>
    <ClInclude Include="PJNLoadLibraryFromSystem32.h">
      <Filter>Header Files</Filter>
    </ClInclude>
    <ClInclude Include="PJNMD5.h">
      <Filter>Header Files</Filter>
    </ClInclude>
    <ClInclude Include="PJNNTLMAuth.h">
      <Filter>Header Files</Filter>
    </ClInclude>
    <ClInclude Include="PJNSMTP.h">
      <Filter>Header Files</Filter>
    </ClInclude>
    <ClInclude Include="PlayerToolBarDlg.h">
      <Filter>Header Files</Filter>
    </ClInclude>
    <ClInclude Include="PostDelayedMessage.h">
      <Filter>Header Files</Filter>
    </ClInclude>
    <ClInclude Include="PreviewFileDlg.h">
      <Filter>Header Files</Filter>
    </ClInclude>
    <ClInclude Include="PrintPreviewScaleEdit.h">
      <Filter>Header Files</Filter>
    </ClInclude>
    <ClInclude Include="Progress.h">
      <Filter>Header Files</Filter>
    </ClInclude>
    <ClInclude Include="ProgressDlg.h">
      <Filter>Header Files</Filter>
    </ClInclude>
    <ClInclude Include="RedEyeDlg.h">
      <Filter>Header Files</Filter>
    </ClInclude>
    <ClInclude Include="RenameDlg.h">
      <Filter>Header Files</Filter>
    </ClInclude>
    <ClInclude Include="ResizingDlg.h">
      <Filter>Header Files</Filter>
    </ClInclude>
    <ClInclude Include="ResizingDpiDlg.h">
      <Filter>Header Files</Filter>
    </ClInclude>
    <ClInclude Include="Resource.h">
      <Filter>Header Files</Filter>
    </ClInclude>
    <ClInclude Include="RotationFlippingDlg.h">
      <Filter>Header Files</Filter>
    </ClInclude>
    <ClInclude Include="Round.h">
      <Filter>Header Files</Filter>
    </ClInclude>
    <ClInclude Include="SampleCGB.h">
      <Filter>Header Files</Filter>
    </ClInclude>
    <ClInclude Include="SaveFileDlg.h">
      <Filter>Header Files</Filter>
    </ClInclude>
    <ClInclude Include="SendMailConfigurationDlg.h">
      <Filter>Header Files</Filter>
    </ClInclude>
    <ClInclude Include="SendMailDocsDlg.h">
      <Filter>Header Files</Filter>
    </ClInclude>
    <ClInclude Include="SepComboBox.h">
      <Filter>Header Files</Filter>
    </ClInclude>
    <ClInclude Include="SettingsDlg.h">
      <Filter>Header Files</Filter>
    </ClInclude>
    <ClInclude Include="SettingsDlgVideoDeviceDoc.h">
      <Filter>Header Files</Filter>
    </ClInclude>
    <ClInclude Include="SettingsXml.h">
      <Filter>Header Files</Filter>
    </ClInclude>
    <ClInclude Include="SharpenDlg.h">
      <Filter>Header Files</Filter>
    </ClInclude>
    <ClInclude Include="sinstance.h">
      <Filter>Header Files</Filter>
    </ClInclude>
    <ClInclude Include="SnapshotNamesDlg.h">
      <Filter>Header Files</Filter>
    </ClInclude>
    <ClInclude Include="SnapshotPage.h">
      <Filter>Header Files</Filter>
    </ClInclude>
    <ClInclude Include="SocMFC.h">
      <Filter>Header Files</Filter>
    </ClInclude>
    <ClInclude Include="SoftBordersDlg.h">
      <Filter>Header Files</Filter>
    </ClInclude>
    <ClInclude Include="SoftenDlg.h">
      <Filter>Header Files</Filter>
    </ClInclude>
    <ClInclude Include="SortableFileFind.h">
      <Filter>Header Files</Filter>
    </ClInclude>
    <ClInclude Include="SortableStringArray.h">
      <Filter>Header Files</Filter>
    </ClInclude>
    <ClInclude Include="StaticLink.h">
      <Filter>Header Files</Filter>
    </ClInclude>
    <ClInclude Include="StatusBarACT.h">
      <Filter>Header Files</Filter>
    </ClInclude>
    <ClInclude Include="StdAfx.h">
      <Filter>Header Files</Filter>
    </ClInclude>
    <ClInclude Include="TabCtrlSSL.h">
      <Filter>Header Files</Filter>
    </ClInclude>
    <ClInclude Include="TabPageSSL.h">
      <Filter>Header Files</Filter>
    </ClInclude>
    <ClInclude Include="ToolBarChildFrm.h">
      <Filter>Header Files</Filter>
    </ClInclude>
    <ClInclude Include="ToolbarSliderCtrl.h">
      <Filter>Header Files</Filter>
    </ClInclude>
    <ClInclude Include="TraceLogFile.h">
      <Filter>Header Files</Filter>
    </ClInclude>
    <ClInclude Include="TransAlpha.h">
      <Filter>Header Files</Filter>
    </ClInclude>
    <ClInclude Include="Trayicon.h">
      <Filter>Header Files</Filter>
    </ClInclude>
    <ClInclude Include="TryEnterCriticalSection.h">
      <Filter>Header Files</Filter>
    </ClInclude>
    <ClInclude Include="twain.h">
      <Filter>Header Files</Filter>
    </ClInclude>
    <ClInclude Include="TwainCpp.h">
      <Filter>Header Files</Filter>
    </ClInclude>
    <ClInclude Include="uImager.h">
      <Filter>Header Files</Filter>
    </ClInclude>
    <ClInclude Include="uImagerDoc.h">
      <Filter>Header Files</Filter>
    </ClInclude>
    <ClInclude Include="uImagerView.h">
      <Filter>Header Files</Filter>
    </ClInclude>
    <ClInclude Include="VideoAviDoc.h">
      <Filter>Header Files</Filter>
    </ClInclude>
    <ClInclude Include="VideoAviView.h">
      <Filter>Header Files</Filter>
    </ClInclude>
    <ClInclude Include="VideoDeviceDoc.h">
      <Filter>Header Files</Filter>
    </ClInclude>
    <ClInclude Include="VideoDevicePropertySheet.h">
      <Filter>Header Files</Filter>
    </ClInclude>
    <ClInclude Include="VideoDeviceView.h">
      <Filter>Header Files</Filter>
    </ClInclude>
    <ClInclude Include="videoformatdlg.h">
      <Filter>Header Files</Filter>
    </ClInclude>
    <ClInclude Include="WorkerThread.h">
      <Filter>Header Files</Filter>
    </ClInclude>
    <ClInclude Include="XButtonXP.h">
      <Filter>Header Files</Filter>
    </ClInclude>
    <ClInclude Include="XMLite.h">
      <Filter>Header Files</Filter>
    </ClInclude>
    <ClInclude Include="XmpDlg.h">
      <Filter>Header Files</Filter>
    </ClInclude>
    <ClInclude Include="XThemeHelper.h">
      <Filter>Header Files</Filter>
    </ClInclude>
    <ClInclude Include="YesNoAllCancelDlg.h">
      <Filter>Header Files</Filter>
    </ClInclude>
    <ClInclude Include="ZipProgressDlg.h">
      <Filter>Header Files</Filter>
    </ClInclude>
  </ItemGroup>
  <ItemGroup>
    <None Include="res\audiomcidoc.ico">
      <Filter>Resource Files</Filter>
    </None>
    <None Include="res\Bitstream_Vera_11.bmp">
      <Filter>Resource Files</Filter>
    </None>
    <None Include="res\cdaudiodoc.ico">
      <Filter>Resource Files</Filter>
    </None>
    <None Include="res\device.ico">
      <Filter>Resource Files</Filter>
    </None>
    <None Include="res\DragDropMulti.bmp">
      <Filter>Resource Files</Filter>
    </None>
    <None Include="res\DragDropSingle.bmp">
      <Filter>Resource Files</Filter>
    </None>
    <None Include="res\grab_closed.cur">
      <Filter>Resource Files</Filter>
    </None>
    <None Include="res\grab_normal.cur">
      <Filter>Resource Files</Filter>
    </None>
    <None Include="res\hand.cur">
      <Filter>Resource Files</Filter>
    </None>
    <None Include="res\HeaderArrows.bmp">
      <Filter>Resource Files</Filter>
    </None>
    <None Include="res\license.bin">
      <Filter>Resource Files</Filter>
    </None>
    <None Include="res\magnifyminus.ico">
      <Filter>Resource Files</Filter>
    </None>
    <None Include="res\magnifyp.ico">
      <Filter>Resource Files</Filter>
    </None>
    <None Include="res\magnifyplus.ico">
      <Filter>Resource Files</Filter>
    </None>
    <None Include="res\manifestcontacam.bin">
      <Filter>Resource Files</Filter>
    </None>
    <None Include="res\manifestfreevimager.bin">
      <Filter>Resource Files</Filter>
    </None>
    <None Include="res\pause.ico">
      <Filter>Resource Files</Filter>
    </None>
    <None Include="res\picture.bmp">
      <Filter>Resource Files</Filter>
    </None>
    <None Include="res\picturedoc.ico">
      <Filter>Resource Files</Filter>
    </None>
    <None Include="res\play.ico">
      <Filter>Resource Files</Filter>
    </None>
    <None Include="res\selectcolor.cur">
      <Filter>Resource Files</Filter>
    </None>
    <None Include="res\stop.ico">
      <Filter>Resource Files</Filter>
    </None>
    <None Include="res\TeleTextDH_26.bmp">
      <Filter>Resource Files</Filter>
    </None>
    <None Include="res\Toolbar.bmp">
      <Filter>Resource Files</Filter>
    </None>
    <None Include="res\toolbarvideodevicedoc.bmp">
      <Filter>Resource Files</Filter>
    </None>
    <None Include="res\uimager.ico">
      <Filter>Resource Files</Filter>
    </None>
    <None Include="res\uImager.rc2">
      <Filter>Resource Files</Filter>
    </None>
    <None Include="res\uimager_videodevicedoc.ico">
      <Filter>Resource Files</Filter>
    </None>
    <None Include="res\videoavidoc.ico">
      <Filter>Resource Files</Filter>
    </None>
    <None Include="res\videodevice.bmp">
      <Filter>Resource Files</Filter>
    </None>
    <None Include="res\videodevicedoc.ico">
      <Filter>Resource Files</Filter>
    </None>
    <None Include="res\videotoolbar.bmp">
      <Filter>Resource Files</Filter>
    </None>
    <None Include="res\videotoolbarfs.bmp">
      <Filter>Resource Files</Filter>
    </None>
    <None Include="res\zip.ico">
      <Filter>Resource Files</Filter>
    </None>
    <None Include="res\ZoneMinus.cur">
      <Filter>Resource Files</Filter>
    </None>
    <None Include="res\ZonePlus.cur">
      <Filter>Resource Files</Filter>
    </None>
    <None Include="res\ZoomMinus.cur">
      <Filter>Resource Files</Filter>
    </None>
    <None Include="res\ZoomPlus.cur">
      <Filter>Resource Files</Filter>
    </None>
  </ItemGroup>
  <ItemGroup>
    <CustomBuildStep Include="OpenSSLMfc.h">
      <Filter>Header Files</Filter>
    </CustomBuildStep>
  </ItemGroup>
</Project>