<?xml version="1.0" encoding="utf-8"?>
<Project ToolsVersion="4.0" xmlns="http://schemas.microsoft.com/developer/msbuild/2003">
  <ItemGroup>
    <Filter Include="Source Files">
      <UniqueIdentifier>{6d0fbd4d-a244-4299-bd46-383e1ec75cdf}</UniqueIdentifier>
      <Extensions>cpp;c;cxx;rc;def;r;odl;idl;hpj;bat</Extensions>
    </Filter>
    <Filter Include="Header Files">
      <UniqueIdentifier>{149b7c47-1a0a-4355-b869-a4c5ddfad6c2}</UniqueIdentifier>
      <Extensions>h;hpp;hxx;hm;inl</Extensions>
    </Filter>
  </ItemGroup>
  <ItemGroup>
    <ClCompile Include="AnimGifSave.cpp">
      <Filter>Source Files</Filter>
    </ClCompile>
    <ClCompile Include="ColorSpace.cpp">
      <Filter>Source Files</Filter>
    </ClCompile>
    <ClCompile Include="Dib.cpp">
      <Filter>Source Files</Filter>
    </ClCompile>
    <ClCompile Include="DibAdjColors.cpp">
      <Filter>Source Files</Filter>
    </ClCompile>
    <ClCompile Include="DibAlphaMixDiff.cpp">
      <Filter>Source Files</Filter>
    </ClCompile>
    <ClCompile Include="DibBmp.cpp">
      <Filter>Source Files</Filter>
    </ClCompile>
    <ClCompile Include="DibConvertBpp.cpp">
      <Filter>Source Files</Filter>
    </ClCompile>
    <ClCompile Include="DibFilter.cpp">
      <Filter>Source Files</Filter>
    </ClCompile>
    <ClCompile Include="DibGif.cpp">
      <Filter>Source Files</Filter>
    </ClCompile>
    <ClCompile Include="DibJpeg.cpp">
      <Filter>Source Files</Filter>
    </ClCompile>
    <ClCompile Include="DibMetadata.cpp">
      <Filter>Source Files</Filter>
    </ClCompile>
    <ClCompile Include="DibMmBmp.cpp">
      <Filter>Source Files</Filter>
    </ClCompile>
    <ClCompile Include="DibPcx.cpp">
      <Filter>Source Files</Filter>
    </ClCompile>
    <ClCompile Include="DibPng.cpp">
      <Filter>Source Files</Filter>
    </ClCompile>
    <ClCompile Include="DibResize.cpp">
      <Filter>Source Files</Filter>
    </ClCompile>
    <ClCompile Include="DibRotate.cpp">
      <Filter>Source Files</Filter>
    </ClCompile>
    <ClCompile Include="DibText.cpp">
      <Filter>Source Files</Filter>
    </ClCompile>
    <ClCompile Include="DibTiff.cpp">
      <Filter>Source Files</Filter>
    </ClCompile>
    <ClCompile Include="Quantizer.cpp">
      <Filter>Source Files</Filter>
    </ClCompile>
    <ClCompile Include="RgbToYuv.cpp">
      <Filter>Source Files</Filter>
    </ClCompile>
    <ClCompile Include="StdAfx.cpp">
      <Filter>Source Files</Filter>
    </ClCompile>
    <ClCompile Include="Tiff2Pdf.cpp">
      <Filter>Source Files</Filter>
    </ClCompile>
    <ClCompile Include="YuvToRgb.cpp">
      <Filter>Source Files</Filter>
    </ClCompile>
    <ClCompile Include="YuvToYuv.cpp">
      <Filter>Source Files</Filter>
    </ClCompile>
  </ItemGroup>
  <ItemGroup>
    <ClInclude Include="AnimGifSave.h">
      <Filter>Header Files</Filter>
    </ClInclude>
    <ClInclude Include="ColorSpace.h">
      <Filter>Header Files</Filter>
    </ClInclude>
    <ClInclude Include="Dib.h">
      <Filter>Header Files</Filter>
    </ClInclude>
    <ClInclude Include="DibGif.h">
      <Filter>Header Files</Filter>
    </ClInclude>
    <ClInclude Include="DibInline.h">
      <Filter>Header Files</Filter>
    </ClInclude>
    <ClInclude Include="DibMetadata.h">
      <Filter>Header Files</Filter>
    </ClInclude>
    <ClInclude Include="Quantizer.h">
      <Filter>Header Files</Filter>
    </ClInclude>
    <ClInclude Include="RgbToYuv.h">
      <Filter>Header Files</Filter>
    </ClInclude>
    <ClInclude Include="StdAfx.h">
      <Filter>Header Files</Filter>
    </ClInclude>
    <ClInclude Include="Tiff2Pdf.h">
      <Filter>Header Files</Filter>
    </ClInclude>
    <ClInclude Include="YuvToRgb.h">
      <Filter>Header Files</Filter>
    </ClInclude>
    <ClInclude Include="YuvToYuv.h">
      <Filter>Header Files</Filter>
    </ClInclude>
    <ClInclude Include="avir.h">
      <Filter>Header Files</Filter>
    </ClInclude>
  </ItemGroup>
</Project>