
Microsoft Visual Studio Solution File, Format Version 10.00
# Visual Studio 2008
Project("{8BC9CEB8-8B4A-11D0-8D11-00A0C91BC942}") = "FullscreenBrowser", "FullscreenBrowser.vcproj", "{E748BE08-2D77-422B-B017-E4C419179D18}"
EndProject
Global
	GlobalSection(SolutionConfigurationPlatforms) = preSolution
		Debug Unicode|Win32 = Debug Unicode|Win32
		Release Unicode LockBrowser|Win32 = Release Unicode LockBrowser|Win32
		Release Unicode|Win32 = Release Unicode|Win32
	EndGlobalSection
	GlobalSection(ProjectConfigurationPlatforms) = postSolution
		{E748BE08-2D77-422B-B017-E4C419179D18}.Debug Unicode|Win32.ActiveCfg = Debug Unicode|Win32
		{E748BE08-2D77-422B-B017-E4C419179D18}.Debug Unicode|Win32.Build.0 = Debug Unicode|Win32
		{E748BE08-2D77-422B-B017-E4C419179D18}.Release Unicode LockBrowser|Win32.ActiveCfg = Release Unicode LockBrowser|Win32
		{E748BE08-2D77-422B-B017-E4C419179D18}.Release Unicode LockBrowser|Win32.Build.0 = Release Unicode LockBrowser|Win32
		{E748BE08-2D77-422B-B017-E4C419179D18}.Release Unicode|Win32.ActiveCfg = Release Unicode|Win32
		{E748BE08-2D77-422B-B017-E4C419179D18}.Release Unicode|Win32.Build.0 = Release Unicode|Win32
	EndGlobalSection
	GlobalSection(SolutionProperties) = preSolution
		HideSolutionNode = FALSE
	EndGlobalSection
EndGlobal
