<?xml version="1.0" encoding="utf-8"?>
<Project ToolsVersion="4.0" xmlns="http://schemas.microsoft.com/developer/msbuild/2003">
  <ItemGroup>
    <Filter Include="Source Files">
      <UniqueIdentifier>{9b26483a-bb2f-4211-bab4-8db54dd2c574}</UniqueIdentifier>
      <Extensions>cpp;c;cxx;rc;def;r;odl;idl;hpj;bat</Extensions>
    </Filter>
    <Filter Include="Header Files">
      <UniqueIdentifier>{a3d82314-99a6-4a64-88a2-8dbccf8136fe}</UniqueIdentifier>
      <Extensions>h;hpp;hxx;hm;inl</Extensions>
    </Filter>
    <Filter Include="Resource Files">
      <UniqueIdentifier>{68b95a60-89fc-422e-b7c1-8aa32947f289}</UniqueIdentifier>
      <Extensions>ico;cur;bmp;dlg;rc2;rct;bin;rgs;gif;jpg;jpeg;jpe</Extensions>
    </Filter>
  </ItemGroup>
  <ItemGroup>
    <ClCompile Include="adler32.c">
      <Filter>Source Files</Filter>
    </ClCompile>
    <ClCompile Include="compress.c">
      <Filter>Source Files</Filter>
    </ClCompile>
    <ClCompile Include="crc32.c">
      <Filter>Source Files</Filter>
    </ClCompile>
    <ClCompile Include="deflate.c">
      <Filter>Source Files</Filter>
    </ClCompile>
    <ClCompile Include="gvmat32c.c">
      <Filter>Source Files</Filter>
    </ClCompile>
    <ClCompile Include="gzio.c">
      <Filter>Source Files</Filter>
    </ClCompile>
    <ClCompile Include="infback.c">
      <Filter>Source Files</Filter>
    </ClCompile>
    <ClCompile Include="inffast.c">
      <Filter>Source Files</Filter>
    </ClCompile>
    <ClCompile Include="inflate.c">
      <Filter>Source Files</Filter>
    </ClCompile>
    <ClCompile Include="inftrees.c">
      <Filter>Source Files</Filter>
    </ClCompile>
    <ClCompile Include="trees.c">
      <Filter>Source Files</Filter>
    </ClCompile>
    <ClCompile Include="uncompr.c">
      <Filter>Source Files</Filter>
    </ClCompile>
    <ClCompile Include="zutil.c">
      <Filter>Source Files</Filter>
    </ClCompile>
  </ItemGroup>
  <ItemGroup>
    <ClInclude Include="crc32.h">
      <Filter>Header Files</Filter>
    </ClInclude>
    <ClInclude Include="deflate.h">
      <Filter>Header Files</Filter>
    </ClInclude>
    <ClInclude Include="inffast.h">
      <Filter>Header Files</Filter>
    </ClInclude>
    <ClInclude Include="inffixed.h">
      <Filter>Header Files</Filter>
    </ClInclude>
    <ClInclude Include="inflate.h">
      <Filter>Header Files</Filter>
    </ClInclude>
    <ClInclude Include="inftrees.h">
      <Filter>Header Files</Filter>
    </ClInclude>
    <ClInclude Include="trees.h">
      <Filter>Header Files</Filter>
    </ClInclude>
    <ClInclude Include="zconf.h">
      <Filter>Header Files</Filter>
    </ClInclude>
    <ClInclude Include="zlib.h">
      <Filter>Header Files</Filter>
    </ClInclude>
    <ClInclude Include="zutil.h">
      <Filter>Header Files</Filter>
    </ClInclude>
  </ItemGroup>
  <ItemGroup>
    <CustomBuild Include="gvmat32.asm">
      <Filter>Source Files</Filter>
    </CustomBuild>
    <CustomBuild Include="inffas32.asm">
      <Filter>Source Files</Filter>
    </CustomBuild>
  </ItemGroup>
</Project>